// !$*UTF8*$!
{
	archiveVersion = 1;
	classes = {
	};
	objectVersion = 50;
	objects = {

/* Begin PBXBuildFile section */
		43789281237B98D4008CCCA8 /* AppDelegate.swift in Sources */ = {isa = PBXBuildFile; fileRef = 43789280237B98D4008CCCA8 /* AppDelegate.swift */; };
		43789283237B98D5008CCCA8 /* SceneDelegate.swift in Sources */ = {isa = PBXBuildFile; fileRef = 43789282237B98D5008CCCA8 /* SceneDelegate.swift */; };
		4378928A237B98D6008CCCA8 /* Assets.xcassets in Resources */ = {isa = PBXBuildFile; fileRef = 43789289237B98D6008CCCA8 /* Assets.xcassets */; };
		4378928D237B98D6008CCCA8 /* LaunchScreen.storyboard in Resources */ = {isa = PBXBuildFile; fileRef = 4378928B237B98D6008CCCA8 /* LaunchScreen.storyboard */; };
		43789298237B98D6008CCCA8 /* MarvelAppTests.swift in Sources */ = {isa = PBXBuildFile; fileRef = 43789297237B98D6008CCCA8 /* MarvelAppTests.swift */; };
		437892A3237B98D6008CCCA8 /* MarvelAppUITests.swift in Sources */ = {isa = PBXBuildFile; fileRef = 437892A2237B98D6008CCCA8 /* MarvelAppUITests.swift */; };
		437892B2237B9A25008CCCA8 /* Router.swift in Sources */ = {isa = PBXBuildFile; fileRef = 437892B1237B9A25008CCCA8 /* Router.swift */; };
		437892B5237B9E2F008CCCA8 /* MainTab.storyboard in Resources */ = {isa = PBXBuildFile; fileRef = 437892B4237B9E2F008CCCA8 /* MainTab.storyboard */; };
		437892B9237B9EFB008CCCA8 /* Characters.storyboard in Resources */ = {isa = PBXBuildFile; fileRef = 437892B8237B9EFB008CCCA8 /* Characters.storyboard */; };
		437892BD237BA092008CCCA8 /* Favorites.storyboard in Resources */ = {isa = PBXBuildFile; fileRef = 437892BC237BA092008CCCA8 /* Favorites.storyboard */; };
		437892C0237BA204008CCCA8 /* CharactersViewController.swift in Sources */ = {isa = PBXBuildFile; fileRef = 437892BF237BA204008CCCA8 /* CharactersViewController.swift */; };
		437892C3237BA35C008CCCA8 /* CharactersCollectionView.swift in Sources */ = {isa = PBXBuildFile; fileRef = 437892C2237BA35C008CCCA8 /* CharactersCollectionView.swift */; };
/* End PBXBuildFile section */

/* Begin PBXContainerItemProxy section */
		43789294237B98D6008CCCA8 /* PBXContainerItemProxy */ = {
			isa = PBXContainerItemProxy;
			containerPortal = 43789275237B98D4008CCCA8 /* Project object */;
			proxyType = 1;
			remoteGlobalIDString = 4378927C237B98D4008CCCA8;
			remoteInfo = MarvelApp;
		};
		4378929F237B98D6008CCCA8 /* PBXContainerItemProxy */ = {
			isa = PBXContainerItemProxy;
			containerPortal = 43789275237B98D4008CCCA8 /* Project object */;
			proxyType = 1;
			remoteGlobalIDString = 4378927C237B98D4008CCCA8;
			remoteInfo = MarvelApp;
		};
/* End PBXContainerItemProxy section */

/* Begin PBXFileReference section */
		4378927D237B98D4008CCCA8 /* MarvelApp.app */ = {isa = PBXFileReference; explicitFileType = wrapper.application; includeInIndex = 0; path = MarvelApp.app; sourceTree = BUILT_PRODUCTS_DIR; };
		43789280237B98D4008CCCA8 /* AppDelegate.swift */ = {isa = PBXFileReference; lastKnownFileType = sourcecode.swift; path = AppDelegate.swift; sourceTree = "<group>"; };
		43789282237B98D5008CCCA8 /* SceneDelegate.swift */ = {isa = PBXFileReference; lastKnownFileType = sourcecode.swift; path = SceneDelegate.swift; sourceTree = "<group>"; };
		43789289237B98D6008CCCA8 /* Assets.xcassets */ = {isa = PBXFileReference; lastKnownFileType = folder.assetcatalog; path = Assets.xcassets; sourceTree = "<group>"; };
		4378928C237B98D6008CCCA8 /* Base */ = {isa = PBXFileReference; lastKnownFileType = file.storyboard; name = Base; path = Base.lproj/LaunchScreen.storyboard; sourceTree = "<group>"; };
		4378928E237B98D6008CCCA8 /* Info.plist */ = {isa = PBXFileReference; lastKnownFileType = text.plist.xml; path = Info.plist; sourceTree = "<group>"; };
		43789293237B98D6008CCCA8 /* MarvelAppTests.xctest */ = {isa = PBXFileReference; explicitFileType = wrapper.cfbundle; includeInIndex = 0; path = MarvelAppTests.xctest; sourceTree = BUILT_PRODUCTS_DIR; };
		43789297237B98D6008CCCA8 /* MarvelAppTests.swift */ = {isa = PBXFileReference; lastKnownFileType = sourcecode.swift; path = MarvelAppTests.swift; sourceTree = "<group>"; };
		43789299237B98D6008CCCA8 /* Info.plist */ = {isa = PBXFileReference; lastKnownFileType = text.plist.xml; path = Info.plist; sourceTree = "<group>"; };
		4378929E237B98D6008CCCA8 /* MarvelAppUITests.xctest */ = {isa = PBXFileReference; explicitFileType = wrapper.cfbundle; includeInIndex = 0; path = MarvelAppUITests.xctest; sourceTree = BUILT_PRODUCTS_DIR; };
		437892A2237B98D6008CCCA8 /* MarvelAppUITests.swift */ = {isa = PBXFileReference; lastKnownFileType = sourcecode.swift; path = MarvelAppUITests.swift; sourceTree = "<group>"; };
		437892A4237B98D6008CCCA8 /* Info.plist */ = {isa = PBXFileReference; lastKnownFileType = text.plist.xml; path = Info.plist; sourceTree = "<group>"; };
		437892B1237B9A25008CCCA8 /* Router.swift */ = {isa = PBXFileReference; lastKnownFileType = sourcecode.swift; path = Router.swift; sourceTree = "<group>"; };
		437892B4237B9E2F008CCCA8 /* MainTab.storyboard */ = {isa = PBXFileReference; lastKnownFileType = file.storyboard; path = MainTab.storyboard; sourceTree = "<group>"; };
		437892B8237B9EFB008CCCA8 /* Characters.storyboard */ = {isa = PBXFileReference; lastKnownFileType = file.storyboard; path = Characters.storyboard; sourceTree = "<group>"; };
		437892BC237BA092008CCCA8 /* Favorites.storyboard */ = {isa = PBXFileReference; lastKnownFileType = file.storyboard; path = Favorites.storyboard; sourceTree = "<group>"; };
		437892BF237BA204008CCCA8 /* CharactersViewController.swift */ = {isa = PBXFileReference; lastKnownFileType = sourcecode.swift; path = CharactersViewController.swift; sourceTree = "<group>"; };
		437892C2237BA35C008CCCA8 /* CharactersCollectionView.swift */ = {isa = PBXFileReference; lastKnownFileType = sourcecode.swift; path = CharactersCollectionView.swift; sourceTree = "<group>"; };
/* End PBXFileReference section */

/* Begin PBXFrameworksBuildPhase section */
		4378927A237B98D4008CCCA8 /* Frameworks */ = {
			isa = PBXFrameworksBuildPhase;
			buildActionMask = 2147483647;
			files = (
			);
			runOnlyForDeploymentPostprocessing = 0;
		};
		43789290237B98D6008CCCA8 /* Frameworks */ = {
			isa = PBXFrameworksBuildPhase;
			buildActionMask = 2147483647;
			files = (
			);
			runOnlyForDeploymentPostprocessing = 0;
		};
		4378929B237B98D6008CCCA8 /* Frameworks */ = {
			isa = PBXFrameworksBuildPhase;
			buildActionMask = 2147483647;
			files = (
			);
			runOnlyForDeploymentPostprocessing = 0;
		};
/* End PBXFrameworksBuildPhase section */

/* Begin PBXGroup section */
		43789274237B98D4008CCCA8 = {
			isa = PBXGroup;
			children = (
				4378927F237B98D4008CCCA8 /* MarvelApp */,
				43789296237B98D6008CCCA8 /* MarvelAppTests */,
				437892A1237B98D6008CCCA8 /* MarvelAppUITests */,
				4378927E237B98D4008CCCA8 /* Products */,
			);
			sourceTree = "<group>";
		};
		4378927E237B98D4008CCCA8 /* Products */ = {
			isa = PBXGroup;
			children = (
				4378927D237B98D4008CCCA8 /* MarvelApp.app */,
				43789293237B98D6008CCCA8 /* MarvelAppTests.xctest */,
				4378929E237B98D6008CCCA8 /* MarvelAppUITests.xctest */,
			);
			name = Products;
			sourceTree = "<group>";
		};
		4378927F237B98D4008CCCA8 /* MarvelApp */ = {
			isa = PBXGroup;
			children = (
				437892B3237B9E20008CCCA8 /* Features */,
				437892B0237B9A1A008CCCA8 /* Router */,
				43789280237B98D4008CCCA8 /* AppDelegate.swift */,
				43789282237B98D5008CCCA8 /* SceneDelegate.swift */,
				43789289237B98D6008CCCA8 /* Assets.xcassets */,
				4378928B237B98D6008CCCA8 /* LaunchScreen.storyboard */,
				4378928E237B98D6008CCCA8 /* Info.plist */,
			);
			path = MarvelApp;
			sourceTree = "<group>";
		};
		43789296237B98D6008CCCA8 /* MarvelAppTests */ = {
			isa = PBXGroup;
			children = (
				43789297237B98D6008CCCA8 /* MarvelAppTests.swift */,
				43789299237B98D6008CCCA8 /* Info.plist */,
			);
			path = MarvelAppTests;
			sourceTree = "<group>";
		};
		437892A1237B98D6008CCCA8 /* MarvelAppUITests */ = {
			isa = PBXGroup;
			children = (
				437892A2237B98D6008CCCA8 /* MarvelAppUITests.swift */,
				437892A4237B98D6008CCCA8 /* Info.plist */,
			);
			path = MarvelAppUITests;
			sourceTree = "<group>";
		};
		437892B0237B9A1A008CCCA8 /* Router */ = {
			isa = PBXGroup;
			children = (
				437892B1237B9A25008CCCA8 /* Router.swift */,
			);
			path = Router;
			sourceTree = "<group>";
		};
		437892B3237B9E20008CCCA8 /* Features */ = {
			isa = PBXGroup;
			children = (
				437892BA237BA07B008CCCA8 /* Favorites */,
				437892B6237B9EDF008CCCA8 /* Characters */,
				437892B4237B9E2F008CCCA8 /* MainTab.storyboard */,
			);
			path = Features;
			sourceTree = "<group>";
		};
		437892B6237B9EDF008CCCA8 /* Characters */ = {
			isa = PBXGroup;
			children = (
				437892B7237B9EE5008CCCA8 /* Views */,
			);
			path = Characters;
			sourceTree = "<group>";
		};
		437892B7237B9EE5008CCCA8 /* Views */ = {
			isa = PBXGroup;
			children = (
				437892C1237BA319008CCCA8 /* CharactersCollectionView */,
				437892B8237B9EFB008CCCA8 /* Characters.storyboard */,
				437892BF237BA204008CCCA8 /* CharactersViewController.swift */,
			);
			path = Views;
			sourceTree = "<group>";
		};
		437892BA237BA07B008CCCA8 /* Favorites */ = {
			isa = PBXGroup;
			children = (
				437892BB237BA086008CCCA8 /* Views */,
			);
			path = Favorites;
			sourceTree = "<group>";
		};
		437892BB237BA086008CCCA8 /* Views */ = {
			isa = PBXGroup;
			children = (
				437892BC237BA092008CCCA8 /* Favorites.storyboard */,
			);
			path = Views;
			sourceTree = "<group>";
		};
		437892C1237BA319008CCCA8 /* CharactersCollectionView */ = {
			isa = PBXGroup;
			children = (
				437892C2237BA35C008CCCA8 /* CharactersCollectionView.swift */,
			);
			path = CharactersCollectionView;
			sourceTree = "<group>";
		};
/* End PBXGroup section */

/* Begin PBXNativeTarget section */
		4378927C237B98D4008CCCA8 /* MarvelApp */ = {
			isa = PBXNativeTarget;
			buildConfigurationList = 437892A7237B98D6008CCCA8 /* Build configuration list for PBXNativeTarget "MarvelApp" */;
			buildPhases = (
				43789279237B98D4008CCCA8 /* Sources */,
				4378927A237B98D4008CCCA8 /* Frameworks */,
				4378927B237B98D4008CCCA8 /* Resources */,
			);
			buildRules = (
			);
			dependencies = (
			);
			name = MarvelApp;
			productName = MarvelApp;
			productReference = 4378927D237B98D4008CCCA8 /* MarvelApp.app */;
			productType = "com.apple.product-type.application";
		};
		43789292237B98D6008CCCA8 /* MarvelAppTests */ = {
			isa = PBXNativeTarget;
			buildConfigurationList = 437892AA237B98D6008CCCA8 /* Build configuration list for PBXNativeTarget "MarvelAppTests" */;
			buildPhases = (
				4378928F237B98D6008CCCA8 /* Sources */,
				43789290237B98D6008CCCA8 /* Frameworks */,
				43789291237B98D6008CCCA8 /* Resources */,
			);
			buildRules = (
			);
			dependencies = (
				43789295237B98D6008CCCA8 /* PBXTargetDependency */,
			);
			name = MarvelAppTests;
			productName = MarvelAppTests;
			productReference = 43789293237B98D6008CCCA8 /* MarvelAppTests.xctest */;
			productType = "com.apple.product-type.bundle.unit-test";
		};
		4378929D237B98D6008CCCA8 /* MarvelAppUITests */ = {
			isa = PBXNativeTarget;
			buildConfigurationList = 437892AD237B98D6008CCCA8 /* Build configuration list for PBXNativeTarget "MarvelAppUITests" */;
			buildPhases = (
				4378929A237B98D6008CCCA8 /* Sources */,
				4378929B237B98D6008CCCA8 /* Frameworks */,
				4378929C237B98D6008CCCA8 /* Resources */,
			);
			buildRules = (
			);
			dependencies = (
				437892A0237B98D6008CCCA8 /* PBXTargetDependency */,
			);
			name = MarvelAppUITests;
			productName = MarvelAppUITests;
			productReference = 4378929E237B98D6008CCCA8 /* MarvelAppUITests.xctest */;
			productType = "com.apple.product-type.bundle.ui-testing";
		};
/* End PBXNativeTarget section */

/* Begin PBXProject section */
		43789275237B98D4008CCCA8 /* Project object */ = {
			isa = PBXProject;
			attributes = {
				LastSwiftUpdateCheck = 1120;
				LastUpgradeCheck = 1120;
				ORGANIZATIONNAME = RLMG;
				TargetAttributes = {
					4378927C237B98D4008CCCA8 = {
						CreatedOnToolsVersion = 11.2;
					};
					43789292237B98D6008CCCA8 = {
						CreatedOnToolsVersion = 11.2;
						TestTargetID = 4378927C237B98D4008CCCA8;
					};
					4378929D237B98D6008CCCA8 = {
						CreatedOnToolsVersion = 11.2;
						TestTargetID = 4378927C237B98D4008CCCA8;
					};
				};
			};
			buildConfigurationList = 43789278237B98D4008CCCA8 /* Build configuration list for PBXProject "MarvelApp" */;
			compatibilityVersion = "Xcode 9.3";
			developmentRegion = en;
			hasScannedForEncodings = 0;
			knownRegions = (
				en,
				Base,
			);
			mainGroup = 43789274237B98D4008CCCA8;
			productRefGroup = 4378927E237B98D4008CCCA8 /* Products */;
			projectDirPath = "";
			projectRoot = "";
			targets = (
				4378927C237B98D4008CCCA8 /* MarvelApp */,
				43789292237B98D6008CCCA8 /* MarvelAppTests */,
				4378929D237B98D6008CCCA8 /* MarvelAppUITests */,
			);
		};
/* End PBXProject section */

/* Begin PBXResourcesBuildPhase section */
		4378927B237B98D4008CCCA8 /* Resources */ = {
			isa = PBXResourcesBuildPhase;
			buildActionMask = 2147483647;
			files = (
				437892B9237B9EFB008CCCA8 /* Characters.storyboard in Resources */,
				4378928D237B98D6008CCCA8 /* LaunchScreen.storyboard in Resources */,
				437892B5237B9E2F008CCCA8 /* MainTab.storyboard in Resources */,
				4378928A237B98D6008CCCA8 /* Assets.xcassets in Resources */,
				437892BD237BA092008CCCA8 /* Favorites.storyboard in Resources */,
			);
			runOnlyForDeploymentPostprocessing = 0;
		};
		43789291237B98D6008CCCA8 /* Resources */ = {
			isa = PBXResourcesBuildPhase;
			buildActionMask = 2147483647;
			files = (
			);
			runOnlyForDeploymentPostprocessing = 0;
		};
		4378929C237B98D6008CCCA8 /* Resources */ = {
			isa = PBXResourcesBuildPhase;
			buildActionMask = 2147483647;
			files = (
			);
			runOnlyForDeploymentPostprocessing = 0;
		};
/* End PBXResourcesBuildPhase section */

/* Begin PBXSourcesBuildPhase section */
		43789279237B98D4008CCCA8 /* Sources */ = {
			isa = PBXSourcesBuildPhase;
			buildActionMask = 2147483647;
			files = (
				437892C0237BA204008CCCA8 /* CharactersViewController.swift in Sources */,
				43789281237B98D4008CCCA8 /* AppDelegate.swift in Sources */,
				43789283237B98D5008CCCA8 /* SceneDelegate.swift in Sources */,
				437892B2237B9A25008CCCA8 /* Router.swift in Sources */,
				437892C3237BA35C008CCCA8 /* CharactersCollectionView.swift in Sources */,
			);
			runOnlyForDeploymentPostprocessing = 0;
		};
		4378928F237B98D6008CCCA8 /* Sources */ = {
			isa = PBXSourcesBuildPhase;
			buildActionMask = 2147483647;
			files = (
				43789298237B98D6008CCCA8 /* MarvelAppTests.swift in Sources */,
			);
			runOnlyForDeploymentPostprocessing = 0;
		};
		4378929A237B98D6008CCCA8 /* Sources */ = {
			isa = PBXSourcesBuildPhase;
			buildActionMask = 2147483647;
			files = (
				437892A3237B98D6008CCCA8 /* MarvelAppUITests.swift in Sources */,
			);
			runOnlyForDeploymentPostprocessing = 0;
		};
/* End PBXSourcesBuildPhase section */

/* Begin PBXTargetDependency section */
		43789295237B98D6008CCCA8 /* PBXTargetDependency */ = {
			isa = PBXTargetDependency;
			target = 4378927C237B98D4008CCCA8 /* MarvelApp */;
			targetProxy = 43789294237B98D6008CCCA8 /* PBXContainerItemProxy */;
		};
		437892A0237B98D6008CCCA8 /* PBXTargetDependency */ = {
			isa = PBXTargetDependency;
			target = 4378927C237B98D4008CCCA8 /* MarvelApp */;
			targetProxy = 4378929F237B98D6008CCCA8 /* PBXContainerItemProxy */;
		};
/* End PBXTargetDependency section */

/* Begin PBXVariantGroup section */
		4378928B237B98D6008CCCA8 /* LaunchScreen.storyboard */ = {
			isa = PBXVariantGroup;
			children = (
				4378928C237B98D6008CCCA8 /* Base */,
			);
			name = LaunchScreen.storyboard;
			sourceTree = "<group>";
		};
/* End PBXVariantGroup section */

/* Begin XCBuildConfiguration section */
		437892A5237B98D6008CCCA8 /* Debug */ = {
			isa = XCBuildConfiguration;
			buildSettings = {
				ALWAYS_SEARCH_USER_PATHS = NO;
				CLANG_ANALYZER_NONNULL = YES;
				CLANG_ANALYZER_NUMBER_OBJECT_CONVERSION = YES_AGGRESSIVE;
				CLANG_CXX_LANGUAGE_STANDARD = "gnu++14";
				CLANG_CXX_LIBRARY = "libc++";
				CLANG_ENABLE_MODULES = YES;
				CLANG_ENABLE_OBJC_ARC = YES;
				CLANG_ENABLE_OBJC_WEAK = YES;
				CLANG_WARN_BLOCK_CAPTURE_AUTORELEASING = YES;
				CLANG_WARN_BOOL_CONVERSION = YES;
				CLANG_WARN_COMMA = YES;
				CLANG_WARN_CONSTANT_CONVERSION = YES;
				CLANG_WARN_DEPRECATED_OBJC_IMPLEMENTATIONS = YES;
				CLANG_WARN_DIRECT_OBJC_ISA_USAGE = YES_ERROR;
				CLANG_WARN_DOCUMENTATION_COMMENTS = YES;
				CLANG_WARN_EMPTY_BODY = YES;
				CLANG_WARN_ENUM_CONVERSION = YES;
				CLANG_WARN_INFINITE_RECURSION = YES;
				CLANG_WARN_INT_CONVERSION = YES;
				CLANG_WARN_NON_LITERAL_NULL_CONVERSION = YES;
				CLANG_WARN_OBJC_IMPLICIT_RETAIN_SELF = YES;
				CLANG_WARN_OBJC_LITERAL_CONVERSION = YES;
				CLANG_WARN_OBJC_ROOT_CLASS = YES_ERROR;
				CLANG_WARN_RANGE_LOOP_ANALYSIS = YES;
				CLANG_WARN_STRICT_PROTOTYPES = YES;
				CLANG_WARN_SUSPICIOUS_MOVE = YES;
				CLANG_WARN_UNGUARDED_AVAILABILITY = YES_AGGRESSIVE;
				CLANG_WARN_UNREACHABLE_CODE = YES;
				CLANG_WARN__DUPLICATE_METHOD_MATCH = YES;
				COPY_PHASE_STRIP = NO;
				DEBUG_INFORMATION_FORMAT = dwarf;
				ENABLE_STRICT_OBJC_MSGSEND = YES;
				ENABLE_TESTABILITY = YES;
				GCC_C_LANGUAGE_STANDARD = gnu11;
				GCC_DYNAMIC_NO_PIC = NO;
				GCC_NO_COMMON_BLOCKS = YES;
				GCC_OPTIMIZATION_LEVEL = 0;
				GCC_PREPROCESSOR_DEFINITIONS = (
					"DEBUG=1",
					"$(inherited)",
				);
				GCC_WARN_64_TO_32_BIT_CONVERSION = YES;
				GCC_WARN_ABOUT_RETURN_TYPE = YES_ERROR;
				GCC_WARN_UNDECLARED_SELECTOR = YES;
				GCC_WARN_UNINITIALIZED_AUTOS = YES_AGGRESSIVE;
				GCC_WARN_UNUSED_FUNCTION = YES;
				GCC_WARN_UNUSED_VARIABLE = YES;
				IPHONEOS_DEPLOYMENT_TARGET = 13.2;
				MTL_ENABLE_DEBUG_INFO = INCLUDE_SOURCE;
				MTL_FAST_MATH = YES;
				ONLY_ACTIVE_ARCH = YES;
				SDKROOT = iphoneos;
				SWIFT_ACTIVE_COMPILATION_CONDITIONS = DEBUG;
				SWIFT_OPTIMIZATION_LEVEL = "-Onone";
			};
			name = Debug;
		};
		437892A6237B98D6008CCCA8 /* Release */ = {
			isa = XCBuildConfiguration;
			buildSettings = {
				ALWAYS_SEARCH_USER_PATHS = NO;
				CLANG_ANALYZER_NONNULL = YES;
				CLANG_ANALYZER_NUMBER_OBJECT_CONVERSION = YES_AGGRESSIVE;
				CLANG_CXX_LANGUAGE_STANDARD = "gnu++14";
				CLANG_CXX_LIBRARY = "libc++";
				CLANG_ENABLE_MODULES = YES;
				CLANG_ENABLE_OBJC_ARC = YES;
				CLANG_ENABLE_OBJC_WEAK = YES;
				CLANG_WARN_BLOCK_CAPTURE_AUTORELEASING = YES;
				CLANG_WARN_BOOL_CONVERSION = YES;
				CLANG_WARN_COMMA = YES;
				CLANG_WARN_CONSTANT_CONVERSION = YES;
				CLANG_WARN_DEPRECATED_OBJC_IMPLEMENTATIONS = YES;
				CLANG_WARN_DIRECT_OBJC_ISA_USAGE = YES_ERROR;
				CLANG_WARN_DOCUMENTATION_COMMENTS = YES;
				CLANG_WARN_EMPTY_BODY = YES;
				CLANG_WARN_ENUM_CONVERSION = YES;
				CLANG_WARN_INFINITE_RECURSION = YES;
				CLANG_WARN_INT_CONVERSION = YES;
				CLANG_WARN_NON_LITERAL_NULL_CONVERSION = YES;
				CLANG_WARN_OBJC_IMPLICIT_RETAIN_SELF = YES;
				CLANG_WARN_OBJC_LITERAL_CONVERSION = YES;
				CLANG_WARN_OBJC_ROOT_CLASS = YES_ERROR;
				CLANG_WARN_RANGE_LOOP_ANALYSIS = YES;
				CLANG_WARN_STRICT_PROTOTYPES = YES;
				CLANG_WARN_SUSPICIOUS_MOVE = YES;
				CLANG_WARN_UNGUARDED_AVAILABILITY = YES_AGGRESSIVE;
				CLANG_WARN_UNREACHABLE_CODE = YES;
				CLANG_WARN__DUPLICATE_METHOD_MATCH = YES;
				COPY_PHASE_STRIP = NO;
				DEBUG_INFORMATION_FORMAT = "dwarf-with-dsym";
				ENABLE_NS_ASSERTIONS = NO;
				ENABLE_STRICT_OBJC_MSGSEND = YES;
				GCC_C_LANGUAGE_STANDARD = gnu11;
				GCC_NO_COMMON_BLOCKS = YES;
				GCC_WARN_64_TO_32_BIT_CONVERSION = YES;
				GCC_WARN_ABOUT_RETURN_TYPE = YES_ERROR;
				GCC_WARN_UNDECLARED_SELECTOR = YES;
				GCC_WARN_UNINITIALIZED_AUTOS = YES_AGGRESSIVE;
				GCC_WARN_UNUSED_FUNCTION = YES;
				GCC_WARN_UNUSED_VARIABLE = YES;
				IPHONEOS_DEPLOYMENT_TARGET = 13.2;
				MTL_ENABLE_DEBUG_INFO = NO;
				MTL_FAST_MATH = YES;
				SDKROOT = iphoneos;
				SWIFT_COMPILATION_MODE = wholemodule;
				SWIFT_OPTIMIZATION_LEVEL = "-O";
				VALIDATE_PRODUCT = YES;
			};
			name = Release;
		};
		437892A8237B98D6008CCCA8 /* Debug */ = {
			isa = XCBuildConfiguration;
			buildSettings = {
				ASSETCATALOG_COMPILER_APPICON_NAME = AppIcon;
				CODE_SIGN_STYLE = Automatic;
				DEVELOPMENT_TEAM = DU28R9GF96;
				INFOPLIST_FILE = MarvelApp/Info.plist;
				LD_RUNPATH_SEARCH_PATHS = (
					"$(inherited)",
					"@executable_path/Frameworks",
				);
				PRODUCT_BUNDLE_IDENTIFIER = com.rlmg.marvelapp.MarvelApp;
				PRODUCT_NAME = "$(TARGET_NAME)";
				SWIFT_VERSION = 5.0;
				TARGETED_DEVICE_FAMILY = "1,2";
			};
			name = Debug;
		};
		437892A9237B98D6008CCCA8 /* Release */ = {
			isa = XCBuildConfiguration;
			buildSettings = {
				ASSETCATALOG_COMPILER_APPICON_NAME = AppIcon;
				CODE_SIGN_STYLE = Automatic;
				DEVELOPMENT_TEAM = DU28R9GF96;
				INFOPLIST_FILE = MarvelApp/Info.plist;
				LD_RUNPATH_SEARCH_PATHS = (
					"$(inherited)",
					"@executable_path/Frameworks",
				);
				PRODUCT_BUNDLE_IDENTIFIER = com.rlmg.marvelapp.MarvelApp;
				PRODUCT_NAME = "$(TARGET_NAME)";
				SWIFT_VERSION = 5.0;
				TARGETED_DEVICE_FAMILY = "1,2";
			};
			name = Release;
		};
		437892AB237B98D6008CCCA8 /* Debug */ = {
			isa = XCBuildConfiguration;
			buildSettings = {
				ALWAYS_EMBED_SWIFT_STANDARD_LIBRARIES = YES;
				BUNDLE_LOADER = "$(TEST_HOST)";
				CODE_SIGN_STYLE = Automatic;
				DEVELOPMENT_TEAM = DU28R9GF96;
				INFOPLIST_FILE = MarvelAppTests/Info.plist;
				IPHONEOS_DEPLOYMENT_TARGET = 13.2;
				LD_RUNPATH_SEARCH_PATHS = (
					"$(inherited)",
					"@executable_path/Frameworks",
					"@loader_path/Frameworks",
				);
				PRODUCT_BUNDLE_IDENTIFIER = com.rlmg.marvelapp.MarvelAppTests;
				PRODUCT_NAME = "$(TARGET_NAME)";
				SWIFT_VERSION = 5.0;
				TARGETED_DEVICE_FAMILY = "1,2";
				TEST_HOST = "$(BUILT_PRODUCTS_DIR)/MarvelApp.app/MarvelApp";
			};
			name = Debug;
		};
		437892AC237B98D6008CCCA8 /* Release */ = {
			isa = XCBuildConfiguration;
			buildSettings = {
				ALWAYS_EMBED_SWIFT_STANDARD_LIBRARIES = YES;
				BUNDLE_LOADER = "$(TEST_HOST)";
				CODE_SIGN_STYLE = Automatic;
				DEVELOPMENT_TEAM = DU28R9GF96;
				INFOPLIST_FILE = MarvelAppTests/Info.plist;
				IPHONEOS_DEPLOYMENT_TARGET = 13.2;
				LD_RUNPATH_SEARCH_PATHS = (
					"$(inherited)",
					"@executable_path/Frameworks",
					"@loader_path/Frameworks",
				);
				PRODUCT_BUNDLE_IDENTIFIER = com.rlmg.marvelapp.MarvelAppTests;
				PRODUCT_NAME = "$(TARGET_NAME)";
				SWIFT_VERSION = 5.0;
				TARGETED_DEVICE_FAMILY = "1,2";
				TEST_HOST = "$(BUILT_PRODUCTS_DIR)/MarvelApp.app/MarvelApp";
			};
			name = Release;
		};
		437892AE237B98D6008CCCA8 /* Debug */ = {
			isa = XCBuildConfiguration;
			buildSettings = {
				ALWAYS_EMBED_SWIFT_STANDARD_LIBRARIES = YES;
				CODE_SIGN_STYLE = Automatic;
				DEVELOPMENT_TEAM = DU28R9GF96;
				INFOPLIST_FILE = MarvelAppUITests/Info.plist;
				LD_RUNPATH_SEARCH_PATHS = (
					"$(inherited)",
					"@executable_path/Frameworks",
					"@loader_path/Frameworks",
				);
				PRODUCT_BUNDLE_IDENTIFIER = com.rlmg.marvelapp.MarvelAppUITests;
				PRODUCT_NAME = "$(TARGET_NAME)";
				SWIFT_VERSION = 5.0;
				TARGETED_DEVICE_FAMILY = "1,2";
				TEST_TARGET_NAME = MarvelApp;
			};
			name = Debug;
		};
		437892AF237B98D6008CCCA8 /* Release */ = {
			isa = XCBuildConfiguration;
			buildSettings = {
				ALWAYS_EMBED_SWIFT_STANDARD_LIBRARIES = YES;
				CODE_SIGN_STYLE = Automatic;
				DEVELOPMENT_TEAM = DU28R9GF96;
				INFOPLIST_FILE = MarvelAppUITests/Info.plist;
				LD_RUNPATH_SEARCH_PATHS = (
					"$(inherited)",
					"@executable_path/Frameworks",
					"@loader_path/Frameworks",
				);
				PRODUCT_BUNDLE_IDENTIFIER = com.rlmg.marvelapp.MarvelAppUITests;
				PRODUCT_NAME = "$(TARGET_NAME)";
				SWIFT_VERSION = 5.0;
				TARGETED_DEVICE_FAMILY = "1,2";
				TEST_TARGET_NAME = MarvelApp;
			};
			name = Release;
		};
/* End XCBuildConfiguration section */

/* Begin XCConfigurationList section */
		43789278237B98D4008CCCA8 /* Build configuration list for PBXProject "MarvelApp" */ = {
			isa = XCConfigurationList;
			buildConfigurations = (
				437892A5237B98D6008CCCA8 /* Debug */,
				437892A6237B98D6008CCCA8 /* Release */,
			);
			defaultConfigurationIsVisible = 0;
			defaultConfigurationName = Release;
		};
		437892A7237B98D6008CCCA8 /* Build configuration list for PBXNativeTarget "MarvelApp" */ = {
			isa = XCConfigurationList;
			buildConfigurations = (
				437892A8237B98D6008CCCA8 /* Debug */,
				437892A9237B98D6008CCCA8 /* Release */,
			);
			defaultConfigurationIsVisible = 0;
			defaultConfigurationName = Release;
		};
		437892AA237B98D6008CCCA8 /* Build configuration list for PBXNativeTarget "MarvelAppTests" */ = {
			isa = XCConfigurationList;
			buildConfigurations = (
				437892AB237B98D6008CCCA8 /* Debug */,
				437892AC237B98D6008CCCA8 /* Release */,
			);
			defaultConfigurationIsVisible = 0;
			defaultConfigurationName = Release;
		};
		437892AD237B98D6008CCCA8 /* Build configuration list for PBXNativeTarget "MarvelAppUITests" */ = {
			isa = XCConfigurationList;
			buildConfigurations = (
				437892AE237B98D6008CCCA8 /* Debug */,
				437892AF237B98D6008CCCA8 /* Release */,
			);
			defaultConfigurationIsVisible = 0;
			defaultConfigurationName = Release;
		};
/* End XCConfigurationList section */
	};
	rootObject = 43789275237B98D4008CCCA8 /* Project object */;
}
